
Microsoft Visual Studio Solution File, Format Version 12.00
# Visual Studio Version 17
VisualStudioVersion = 17.5.002.0
MinimumVisualStudioVersion = 10.0.40219.1
Project("{9A19103F-16F7-4668-BE54-9A1E7A4F7556}") = "Examples", "Examples.csproj", "{DF8B78FC-F853-4F41-A7C6-053A2DCFCB31}"
EndProject
Global
	GlobalSection(SolutionConfigurationPlatforms) = preSolution
		Debug|Any CPU = Debug|Any CPU
		Release|Any CPU = Release|Any CPU
	EndGlobalSection
	GlobalSection(ProjectConfigurationPlatforms) = postSolution
		{DF8B78FC-F853-4F41-A7C6-053A2DCFCB31}.Debug|Any CPU.ActiveCfg = Debug|Any CPU
		{DF8B78FC-F853-4F41-A7C6-053A2DCFCB31}.Debug|Any CPU.Build.0 = Debug|Any CPU
		{DF8B78FC-F853-4F41-A7C6-053A2DCFCB31}.Release|Any CPU.ActiveCfg = Release|Any CPU
		{DF8B78FC-F853-4F41-A7C6-053A2DCFCB31}.Release|Any CPU.Build.0 = Release|Any CPU
	EndGlobalSection
	GlobalSection(SolutionProperties) = preSolution
		HideSolutionNode = FALSE
	EndGlobalSection
	GlobalSection(ExtensibilityGlobals) = postSolution
		SolutionGuid = {71F463A6-7E0C-4F1C-A734-DA063461839C}
	EndGlobalSection
EndGlobal
